
Microsoft Visual Studio Solution File, Format Version 12.00
# Visual Studio Version 17
VisualStudioVersion = 17.7.34221.43
MinimumVisualStudioVersion = 10.0.40219.1
Project("{FAE04EC0-301F-11D3-BF4B-00C04F79EFBC}") = "AgendaConsole", "AgendaConsole\AgendaConsole.csproj", "{EDEF01F8-5405-4A3E-995C-21F8C5C7345B}"
EndProject
Global
	GlobalSection(SolutionConfigurationPlatforms) = preSolution
		Debug|Any CPU = Debug|Any CPU
		Release|Any CPU = Release|Any CPU
	EndGlobalSection
	GlobalSection(ProjectConfigurationPlatforms) = postSolution
		{EDEF01F8-5405-4A3E-995C-21F8C5C7345B}.Debug|Any CPU.ActiveCfg = Debug|Any CPU
		{EDEF01F8-5405-4A3E-995C-21F8C5C7345B}.Debug|Any CPU.Build.0 = Debug|Any CPU
		{EDEF01F8-5405-4A3E-995C-21F8C5C7345B}.Release|Any CPU.ActiveCfg = Release|Any CPU
		{EDEF01F8-5405-4A3E-995C-21F8C5C7345B}.Release|Any CPU.Build.0 = Release|Any CPU
	EndGlobalSection
	GlobalSection(SolutionProperties) = preSolution
		HideSolutionNode = FALSE
	EndGlobalSection
	GlobalSection(ExtensibilityGlobals) = postSolution
		SolutionGuid = {CAE5F75F-AF56-4987-A46C-4A69FF1D7490}
	EndGlobalSection
EndGlobal
